
Microsoft Visual Studio Solution File, Format Version 12.00
# Visual Studio 2013
VisualStudioVersion = 12.0.31101.0
MinimumVisualStudioVersion = 10.0.40219.1
Project("{F2A71F9B-5D33-465A-A702-920D77279786}") = "GammaProvider", "provider\RestProvider.fsproj", "{93A58CCC-FF64-4DFC-9B06-4A65FDE3E0F4}"
EndProject
Project("{2150E333-8FDC-42A3-9474-1A3956D46DE8}") = "Experiments", "experiments", "{54143A1C-972D-4629-8D5B-EAC74A9ED593}"
EndProject
Project("{2150E333-8FDC-42A3-9474-1A3956D46DE8}") = "worldbank", "worldbank", "{8D58A3B7-ABEC-48B8-A743-C146058EE216}"
	ProjectSection(SolutionItems) = preProject
		experiments\worldbank\downloader.fsx = experiments\worldbank\downloader.fsx
		experiments\worldbank\server.fsx = experiments\worldbank\server.fsx
	EndProjectSection
EndProject
Project("{2150E333-8FDC-42A3-9474-1A3956D46DE8}") = "olympics", "olympics", "{38EE501B-9250-48EC-8771-6D121321AD9D}"
	ProjectSection(SolutionItems) = preProject
		experiments\olympics\server.fsx = experiments\olympics\server.fsx
	EndProjectSection
EndProject
Project("{2150E333-8FDC-42A3-9474-1A3956D46DE8}") = "minimal", "minimal", "{B493452B-B2C9-473E-B7BC-48D7E73C4F99}"
	ProjectSection(SolutionItems) = preProject
		experiments\minimal\server.fsx = experiments\minimal\server.fsx
	EndProjectSection
EndProject
Global
	GlobalSection(SolutionConfigurationPlatforms) = preSolution
		Debug|Any CPU = Debug|Any CPU
		Release|Any CPU = Release|Any CPU
	EndGlobalSection
	GlobalSection(ProjectConfigurationPlatforms) = postSolution
		{93A58CCC-FF64-4DFC-9B06-4A65FDE3E0F4}.Debug|Any CPU.ActiveCfg = Debug|Any CPU
		{93A58CCC-FF64-4DFC-9B06-4A65FDE3E0F4}.Debug|Any CPU.Build.0 = Debug|Any CPU
		{93A58CCC-FF64-4DFC-9B06-4A65FDE3E0F4}.Release|Any CPU.ActiveCfg = Release|Any CPU
		{93A58CCC-FF64-4DFC-9B06-4A65FDE3E0F4}.Release|Any CPU.Build.0 = Release|Any CPU
	EndGlobalSection
	GlobalSection(SolutionProperties) = preSolution
		HideSolutionNode = FALSE
	EndGlobalSection
	GlobalSection(NestedProjects) = preSolution
		{8D58A3B7-ABEC-48B8-A743-C146058EE216} = {54143A1C-972D-4629-8D5B-EAC74A9ED593}
		{38EE501B-9250-48EC-8771-6D121321AD9D} = {54143A1C-972D-4629-8D5B-EAC74A9ED593}
		{B493452B-B2C9-473E-B7BC-48D7E73C4F99} = {54143A1C-972D-4629-8D5B-EAC74A9ED593}
	EndGlobalSection
EndGlobal
